// !$*UTF8*$!
{
	archiveVersion = 1;
	classes = {
	};
	objectVersion = 56;
	objects = {

/* Begin PBXBuildFile section */
		270825AD29BCDF0B00BAC4E4 /* AppDelegate.swift in Sources */ = {isa = PBXBuildFile; fileRef = 270825AC29BCDF0B00BAC4E4 /* AppDelegate.swift */; };
		270825AF29BCDF0B00BAC4E4 /* SceneDelegate.swift in Sources */ = {isa = PBXBuildFile; fileRef = 270825AE29BCDF0B00BAC4E4 /* SceneDelegate.swift */; };
		270825B729BCDF0B00BAC4E4 /* IdealShop.xcdatamodeld in Sources */ = {isa = PBXBuildFile; fileRef = 270825B529BCDF0B00BAC4E4 /* IdealShop.xcdatamodeld */; };
		270825B929BCDF0D00BAC4E4 /* Assets.xcassets in Resources */ = {isa = PBXBuildFile; fileRef = 270825B829BCDF0D00BAC4E4 /* Assets.xcassets */; };
		270825BC29BCDF0D00BAC4E4 /* LaunchScreen.storyboard in Resources */ = {isa = PBXBuildFile; fileRef = 270825BA29BCDF0D00BAC4E4 /* LaunchScreen.storyboard */; };
		270825C729BCDF0D00BAC4E4 /* IdealShopTests.swift in Sources */ = {isa = PBXBuildFile; fileRef = 270825C629BCDF0D00BAC4E4 /* IdealShopTests.swift */; };
		270825D129BCDF0D00BAC4E4 /* IdealShopUITests.swift in Sources */ = {isa = PBXBuildFile; fileRef = 270825D029BCDF0D00BAC4E4 /* IdealShopUITests.swift */; };
		270825D329BCDF0D00BAC4E4 /* IdealShopUITestsLaunchTests.swift in Sources */ = {isa = PBXBuildFile; fileRef = 270825D229BCDF0D00BAC4E4 /* IdealShopUITestsLaunchTests.swift */; };
		270825E529BCE37300BAC4E4 /* BaseCoordinator.swift in Sources */ = {isa = PBXBuildFile; fileRef = 270825E429BCE37300BAC4E4 /* BaseCoordinator.swift */; };
		270825E729BCE3CA00BAC4E4 /* BaseViewController.swift in Sources */ = {isa = PBXBuildFile; fileRef = 270825E629BCE3CA00BAC4E4 /* BaseViewController.swift */; };
		270825E929BCE43A00BAC4E4 /* Router.swift in Sources */ = {isa = PBXBuildFile; fileRef = 270825E829BCE43A00BAC4E4 /* Router.swift */; };
		270825EB29BCE5AB00BAC4E4 /* AppCoordinator.swift in Sources */ = {isa = PBXBuildFile; fileRef = 270825EA29BCE5AB00BAC4E4 /* AppCoordinator.swift */; };
		270825EF29BCE6E400BAC4E4 /* LoginCoordinator.swift in Sources */ = {isa = PBXBuildFile; fileRef = 270825EE29BCE6E400BAC4E4 /* LoginCoordinator.swift */; };
		270825F129BCE81C00BAC4E4 /* LoginViewController.swift in Sources */ = {isa = PBXBuildFile; fileRef = 270825F029BCE81C00BAC4E4 /* LoginViewController.swift */; };
		270825F329BCE95400BAC4E4 /* LoginView.swift in Sources */ = {isa = PBXBuildFile; fileRef = 270825F229BCE95400BAC4E4 /* LoginView.swift */; };
		270825F629BCE9E800BAC4E4 /* BridgedView.swift in Sources */ = {isa = PBXBuildFile; fileRef = 270825F529BCE9E800BAC4E4 /* BridgedView.swift */; };
		270825F829BCEA4500BAC4E4 /* InlineConfigurable.swift in Sources */ = {isa = PBXBuildFile; fileRef = 270825F729BCEA4500BAC4E4 /* InlineConfigurable.swift */; };
		270825FA29BCEAB000BAC4E4 /* RestrictedUIHostingController.swift in Sources */ = {isa = PBXBuildFile; fileRef = 270825F929BCEAB000BAC4E4 /* RestrictedUIHostingController.swift */; };
		273972C729C0488600693BE2 /* UIFont+Extension.swift in Sources */ = {isa = PBXBuildFile; fileRef = 273972C629C0488600693BE2 /* UIFont+Extension.swift */; };
		273972CE29C04C2200693BE2 /* Montserrat-Black.ttf in Resources */ = {isa = PBXBuildFile; fileRef = 273972C829C04C2200693BE2 /* Montserrat-Black.ttf */; };
		273972CF29C04C2200693BE2 /* Montserrat-Bold.ttf in Resources */ = {isa = PBXBuildFile; fileRef = 273972C929C04C2200693BE2 /* Montserrat-Bold.ttf */; };
		273972D029C04C2200693BE2 /* Montserrat-Regular.ttf in Resources */ = {isa = PBXBuildFile; fileRef = 273972CA29C04C2200693BE2 /* Montserrat-Regular.ttf */; };
		273972D129C04C2200693BE2 /* Montserrat-SemiBold.ttf in Resources */ = {isa = PBXBuildFile; fileRef = 273972CB29C04C2200693BE2 /* Montserrat-SemiBold.ttf */; };
		273972D229C04C2200693BE2 /* Montserrat-Medium.ttf in Resources */ = {isa = PBXBuildFile; fileRef = 273972CC29C04C2200693BE2 /* Montserrat-Medium.ttf */; };
		273972D329C04C2200693BE2 /* Montserrat-Light.ttf in Resources */ = {isa = PBXBuildFile; fileRef = 273972CD29C04C2200693BE2 /* Montserrat-Light.ttf */; };
		273EDDF629CD317900504A9D /* FlashCollectionViewCell.swift in Sources */ = {isa = PBXBuildFile; fileRef = 273EDDF529CD317900504A9D /* FlashCollectionViewCell.swift */; };
		273EDDF829CD3CBD00504A9D /* CategoriesView.swift in Sources */ = {isa = PBXBuildFile; fileRef = 273EDDF729CD3CBD00504A9D /* CategoriesView.swift */; };
		273EDDFA29CD4AF200504A9D /* FlashSaleView.swift in Sources */ = {isa = PBXBuildFile; fileRef = 273EDDF929CD4AF200504A9D /* FlashSaleView.swift */; };
		2748E23829CABFD70015B449 /* ProductDetatilVeiw.swift in Sources */ = {isa = PBXBuildFile; fileRef = 2748E23729CABFD70015B449 /* ProductDetatilVeiw.swift */; };
		27671A8529C8496200F94049 /* ProductViewController.swift in Sources */ = {isa = PBXBuildFile; fileRef = 27671A8429C8496200F94049 /* ProductViewController.swift */; };
		27671A8729C853ED00F94049 /* ProfileView.swift in Sources */ = {isa = PBXBuildFile; fileRef = 27671A8629C853ED00F94049 /* ProfileView.swift */; };
		27671A8929C85BE000F94049 /* ProfileViewModel.swift in Sources */ = {isa = PBXBuildFile; fileRef = 27671A8829C85BE000F94049 /* ProfileViewModel.swift */; };
		27671A8B29C85E2800F94049 /* ProfileImage.swift in Sources */ = {isa = PBXBuildFile; fileRef = 27671A8A29C85E2800F94049 /* ProfileImage.swift */; };
		27671A8E29C86A9300F94049 /* PrimaryButton.swift in Sources */ = {isa = PBXBuildFile; fileRef = 27671A8D29C86A9300F94049 /* PrimaryButton.swift */; };
		2796C7A129BF0504003ED75E /* TabBarCoordinator.swift in Sources */ = {isa = PBXBuildFile; fileRef = 2796C7A029BF0504003ED75E /* TabBarCoordinator.swift */; };
		2796C7A329BF05C6003ED75E /* TabItem.swift in Sources */ = {isa = PBXBuildFile; fileRef = 2796C7A229BF05C6003ED75E /* TabItem.swift */; };
		2796C7A529BF0897003ED75E /* CustomTabBar.swift in Sources */ = {isa = PBXBuildFile; fileRef = 2796C7A429BF0897003ED75E /* CustomTabBar.swift */; };
		2796C7A729BF0D69003ED75E /* TabBarController.swift in Sources */ = {isa = PBXBuildFile; fileRef = 2796C7A629BF0D68003ED75E /* TabBarController.swift */; };
		2796C7AE29BF0F65003ED75E /* MainCoordinator.swift in Sources */ = {isa = PBXBuildFile; fileRef = 2796C7AD29BF0F65003ED75E /* MainCoordinator.swift */; };
		2796C7B029BF106F003ED75E /* FavoriteCoordinator.swift in Sources */ = {isa = PBXBuildFile; fileRef = 2796C7AF29BF106F003ED75E /* FavoriteCoordinator.swift */; };
		2796C7B229BF10B2003ED75E /* BasketCoordinator.swift in Sources */ = {isa = PBXBuildFile; fileRef = 2796C7B129BF10B2003ED75E /* BasketCoordinator.swift */; };
		2796C7B429BF10E5003ED75E /* ChatCoordinator.swift in Sources */ = {isa = PBXBuildFile; fileRef = 2796C7B329BF10E5003ED75E /* ChatCoordinator.swift */; };
		2796C7B629BF1110003ED75E /* ProfileCoordinator.swift in Sources */ = {isa = PBXBuildFile; fileRef = 2796C7B529BF1110003ED75E /* ProfileCoordinator.swift */; };
		2796C7B929BF267A003ED75E /* UIColor+Extension.swift in Sources */ = {isa = PBXBuildFile; fileRef = 2796C7B829BF267A003ED75E /* UIColor+Extension.swift */; };
		2796C7BD29BF2919003ED75E /* MainViewController.swift in Sources */ = {isa = PBXBuildFile; fileRef = 2796C7BC29BF2919003ED75E /* MainViewController.swift */; };
		2796C7BF29BF30AA003ED75E /* MainViewController+Layout.swift in Sources */ = {isa = PBXBuildFile; fileRef = 2796C7BE29BF30AA003ED75E /* MainViewController+Layout.swift */; };
		2796C7C229BF32D0003ED75E /* LatestView.swift in Sources */ = {isa = PBXBuildFile; fileRef = 2796C7C129BF32D0003ED75E /* LatestView.swift */; };
		279891A729C9E1FF00C1DE81 /* IdealTextField.swift in Sources */ = {isa = PBXBuildFile; fileRef = 279891A629C9E1FF00C1DE81 /* IdealTextField.swift */; };
		279891A929CA0F6B00C1DE81 /* LogoButton.swift in Sources */ = {isa = PBXBuildFile; fileRef = 279891A829CA0F6B00C1DE81 /* LogoButton.swift */; };
		27D0682529C0102C00D5997B /* LatestCollectionViewCell.swift in Sources */ = {isa = PBXBuildFile; fileRef = 27D0682429C0102C00D5997B /* LatestCollectionViewCell.swift */; };
		27D0682729C02EB300D5997B /* SelfConfiguringCell.swift in Sources */ = {isa = PBXBuildFile; fileRef = 27D0682629C02EB300D5997B /* SelfConfiguringCell.swift */; };
		27E5D36529C718F900DCB787 /* ProfileViewController.swift in Sources */ = {isa = PBXBuildFile; fileRef = 27E5D36429C718F900DCB787 /* ProfileViewController.swift */; };
/* End PBXBuildFile section */

/* Begin PBXContainerItemProxy section */
		270825C329BCDF0D00BAC4E4 /* PBXContainerItemProxy */ = {
			isa = PBXContainerItemProxy;
			containerPortal = 270825A129BCDF0B00BAC4E4 /* Project object */;
			proxyType = 1;
			remoteGlobalIDString = 270825A829BCDF0B00BAC4E4;
			remoteInfo = IdealShop;
		};
		270825CD29BCDF0D00BAC4E4 /* PBXContainerItemProxy */ = {
			isa = PBXContainerItemProxy;
			containerPortal = 270825A129BCDF0B00BAC4E4 /* Project object */;
			proxyType = 1;
			remoteGlobalIDString = 270825A829BCDF0B00BAC4E4;
			remoteInfo = IdealShop;
		};
/* End PBXContainerItemProxy section */

/* Begin PBXFileReference section */
		270825A929BCDF0B00BAC4E4 /* IdealShop.app */ = {isa = PBXFileReference; explicitFileType = wrapper.application; includeInIndex = 0; path = IdealShop.app; sourceTree = BUILT_PRODUCTS_DIR; };
		270825AC29BCDF0B00BAC4E4 /* AppDelegate.swift */ = {isa = PBXFileReference; lastKnownFileType = sourcecode.swift; path = AppDelegate.swift; sourceTree = "<group>"; };
		270825AE29BCDF0B00BAC4E4 /* SceneDelegate.swift */ = {isa = PBXFileReference; lastKnownFileType = sourcecode.swift; path = SceneDelegate.swift; sourceTree = "<group>"; };
		270825B629BCDF0B00BAC4E4 /* IdealShop.xcdatamodel */ = {isa = PBXFileReference; lastKnownFileType = wrapper.xcdatamodel; path = IdealShop.xcdatamodel; sourceTree = "<group>"; };
		270825B829BCDF0D00BAC4E4 /* Assets.xcassets */ = {isa = PBXFileReference; lastKnownFileType = folder.assetcatalog; path = Assets.xcassets; sourceTree = "<group>"; };
		270825BB29BCDF0D00BAC4E4 /* Base */ = {isa = PBXFileReference; lastKnownFileType = file.storyboard; name = Base; path = Base.lproj/LaunchScreen.storyboard; sourceTree = "<group>"; };
		270825BD29BCDF0D00BAC4E4 /* Info.plist */ = {isa = PBXFileReference; lastKnownFileType = text.plist.xml; path = Info.plist; sourceTree = "<group>"; };
		270825C229BCDF0D00BAC4E4 /* IdealShopTests.xctest */ = {isa = PBXFileReference; explicitFileType = wrapper.cfbundle; includeInIndex = 0; path = IdealShopTests.xctest; sourceTree = BUILT_PRODUCTS_DIR; };
		270825C629BCDF0D00BAC4E4 /* IdealShopTests.swift */ = {isa = PBXFileReference; lastKnownFileType = sourcecode.swift; path = IdealShopTests.swift; sourceTree = "<group>"; };
		270825CC29BCDF0D00BAC4E4 /* IdealShopUITests.xctest */ = {isa = PBXFileReference; explicitFileType = wrapper.cfbundle; includeInIndex = 0; path = IdealShopUITests.xctest; sourceTree = BUILT_PRODUCTS_DIR; };
		270825D029BCDF0D00BAC4E4 /* IdealShopUITests.swift */ = {isa = PBXFileReference; lastKnownFileType = sourcecode.swift; path = IdealShopUITests.swift; sourceTree = "<group>"; };
		270825D229BCDF0D00BAC4E4 /* IdealShopUITestsLaunchTests.swift */ = {isa = PBXFileReference; lastKnownFileType = sourcecode.swift; path = IdealShopUITestsLaunchTests.swift; sourceTree = "<group>"; };
		270825E429BCE37300BAC4E4 /* BaseCoordinator.swift */ = {isa = PBXFileReference; lastKnownFileType = sourcecode.swift; path = BaseCoordinator.swift; sourceTree = "<group>"; };
		270825E629BCE3CA00BAC4E4 /* BaseViewController.swift */ = {isa = PBXFileReference; lastKnownFileType = sourcecode.swift; path = BaseViewController.swift; sourceTree = "<group>"; };
		270825E829BCE43A00BAC4E4 /* Router.swift */ = {isa = PBXFileReference; lastKnownFileType = sourcecode.swift; path = Router.swift; sourceTree = "<group>"; };
		270825EA29BCE5AB00BAC4E4 /* AppCoordinator.swift */ = {isa = PBXFileReference; lastKnownFileType = sourcecode.swift; path = AppCoordinator.swift; sourceTree = "<group>"; };
		270825EE29BCE6E400BAC4E4 /* LoginCoordinator.swift */ = {isa = PBXFileReference; lastKnownFileType = sourcecode.swift; path = LoginCoordinator.swift; sourceTree = "<group>"; };
		270825F029BCE81C00BAC4E4 /* LoginViewController.swift */ = {isa = PBXFileReference; lastKnownFileType = sourcecode.swift; path = LoginViewController.swift; sourceTree = "<group>"; };
		270825F229BCE95400BAC4E4 /* LoginView.swift */ = {isa = PBXFileReference; lastKnownFileType = sourcecode.swift; path = LoginView.swift; sourceTree = "<group>"; };
		270825F529BCE9E800BAC4E4 /* BridgedView.swift */ = {isa = PBXFileReference; lastKnownFileType = sourcecode.swift; path = BridgedView.swift; sourceTree = "<group>"; };
		270825F729BCEA4500BAC4E4 /* InlineConfigurable.swift */ = {isa = PBXFileReference; lastKnownFileType = sourcecode.swift; path = InlineConfigurable.swift; sourceTree = "<group>"; };
		270825F929BCEAB000BAC4E4 /* RestrictedUIHostingController.swift */ = {isa = PBXFileReference; lastKnownFileType = sourcecode.swift; path = RestrictedUIHostingController.swift; sourceTree = "<group>"; };
		273972C629C0488600693BE2 /* UIFont+Extension.swift */ = {isa = PBXFileReference; lastKnownFileType = sourcecode.swift; path = "UIFont+Extension.swift"; sourceTree = "<group>"; };
		273972C829C04C2200693BE2 /* Montserrat-Black.ttf */ = {isa = PBXFileReference; lastKnownFileType = file; path = "Montserrat-Black.ttf"; sourceTree = "<group>"; };
		273972C929C04C2200693BE2 /* Montserrat-Bold.ttf */ = {isa = PBXFileReference; lastKnownFileType = file; path = "Montserrat-Bold.ttf"; sourceTree = "<group>"; };
		273972CA29C04C2200693BE2 /* Montserrat-Regular.ttf */ = {isa = PBXFileReference; lastKnownFileType = file; path = "Montserrat-Regular.ttf"; sourceTree = "<group>"; };
		273972CB29C04C2200693BE2 /* Montserrat-SemiBold.ttf */ = {isa = PBXFileReference; lastKnownFileType = file; path = "Montserrat-SemiBold.ttf"; sourceTree = "<group>"; };
		273972CC29C04C2200693BE2 /* Montserrat-Medium.ttf */ = {isa = PBXFileReference; lastKnownFileType = file; path = "Montserrat-Medium.ttf"; sourceTree = "<group>"; };
		273972CD29C04C2200693BE2 /* Montserrat-Light.ttf */ = {isa = PBXFileReference; lastKnownFileType = file; path = "Montserrat-Light.ttf"; sourceTree = "<group>"; };
		273EDDF529CD317900504A9D /* FlashCollectionViewCell.swift */ = {isa = PBXFileReference; lastKnownFileType = sourcecode.swift; path = FlashCollectionViewCell.swift; sourceTree = "<group>"; };
		273EDDF729CD3CBD00504A9D /* CategoriesView.swift */ = {isa = PBXFileReference; lastKnownFileType = sourcecode.swift; path = CategoriesView.swift; sourceTree = "<group>"; };
		273EDDF929CD4AF200504A9D /* FlashSaleView.swift */ = {isa = PBXFileReference; lastKnownFileType = sourcecode.swift; path = FlashSaleView.swift; sourceTree = "<group>"; };
		2748E23729CABFD70015B449 /* ProductDetatilVeiw.swift */ = {isa = PBXFileReference; lastKnownFileType = sourcecode.swift; path = ProductDetatilVeiw.swift; sourceTree = "<group>"; };
		27671A8429C8496200F94049 /* ProductViewController.swift */ = {isa = PBXFileReference; lastKnownFileType = sourcecode.swift; path = ProductViewController.swift; sourceTree = "<group>"; };
		27671A8629C853ED00F94049 /* ProfileView.swift */ = {isa = PBXFileReference; lastKnownFileType = sourcecode.swift; path = ProfileView.swift; sourceTree = "<group>"; };
		27671A8829C85BE000F94049 /* ProfileViewModel.swift */ = {isa = PBXFileReference; lastKnownFileType = sourcecode.swift; path = ProfileViewModel.swift; sourceTree = "<group>"; };
		27671A8A29C85E2800F94049 /* ProfileImage.swift */ = {isa = PBXFileReference; lastKnownFileType = sourcecode.swift; path = ProfileImage.swift; sourceTree = "<group>"; };
		27671A8D29C86A9300F94049 /* PrimaryButton.swift */ = {isa = PBXFileReference; lastKnownFileType = sourcecode.swift; path = PrimaryButton.swift; sourceTree = "<group>"; };
		2796C7A029BF0504003ED75E /* TabBarCoordinator.swift */ = {isa = PBXFileReference; lastKnownFileType = sourcecode.swift; path = TabBarCoordinator.swift; sourceTree = "<group>"; };
		2796C7A229BF05C6003ED75E /* TabItem.swift */ = {isa = PBXFileReference; lastKnownFileType = sourcecode.swift; path = TabItem.swift; sourceTree = "<group>"; };
		2796C7A429BF0897003ED75E /* CustomTabBar.swift */ = {isa = PBXFileReference; lastKnownFileType = sourcecode.swift; path = CustomTabBar.swift; sourceTree = "<group>"; };
		2796C7A629BF0D68003ED75E /* TabBarController.swift */ = {isa = PBXFileReference; lastKnownFileType = sourcecode.swift; path = TabBarController.swift; sourceTree = "<group>"; };
		2796C7AD29BF0F65003ED75E /* MainCoordinator.swift */ = {isa = PBXFileReference; lastKnownFileType = sourcecode.swift; path = MainCoordinator.swift; sourceTree = "<group>"; };
		2796C7AF29BF106F003ED75E /* FavoriteCoordinator.swift */ = {isa = PBXFileReference; lastKnownFileType = sourcecode.swift; path = FavoriteCoordinator.swift; sourceTree = "<group>"; };
		2796C7B129BF10B2003ED75E /* BasketCoordinator.swift */ = {isa = PBXFileReference; lastKnownFileType = sourcecode.swift; path = BasketCoordinator.swift; sourceTree = "<group>"; };
		2796C7B329BF10E5003ED75E /* ChatCoordinator.swift */ = {isa = PBXFileReference; lastKnownFileType = sourcecode.swift; path = ChatCoordinator.swift; sourceTree = "<group>"; };
		2796C7B529BF1110003ED75E /* ProfileCoordinator.swift */ = {isa = PBXFileReference; lastKnownFileType = sourcecode.swift; path = ProfileCoordinator.swift; sourceTree = "<group>"; };
		2796C7B829BF267A003ED75E /* UIColor+Extension.swift */ = {isa = PBXFileReference; lastKnownFileType = sourcecode.swift; path = "UIColor+Extension.swift"; sourceTree = "<group>"; };
		2796C7BC29BF2919003ED75E /* MainViewController.swift */ = {isa = PBXFileReference; lastKnownFileType = sourcecode.swift; path = MainViewController.swift; sourceTree = "<group>"; };
		2796C7BE29BF30AA003ED75E /* MainViewController+Layout.swift */ = {isa = PBXFileReference; lastKnownFileType = sourcecode.swift; path = "MainViewController+Layout.swift"; sourceTree = "<group>"; };
		2796C7C129BF32D0003ED75E /* LatestView.swift */ = {isa = PBXFileReference; lastKnownFileType = sourcecode.swift; path = LatestView.swift; sourceTree = "<group>"; };
		279891A629C9E1FF00C1DE81 /* IdealTextField.swift */ = {isa = PBXFileReference; lastKnownFileType = sourcecode.swift; path = IdealTextField.swift; sourceTree = "<group>"; };
		279891A829CA0F6B00C1DE81 /* LogoButton.swift */ = {isa = PBXFileReference; lastKnownFileType = sourcecode.swift; path = LogoButton.swift; sourceTree = "<group>"; };
		27D0682429C0102C00D5997B /* LatestCollectionViewCell.swift */ = {isa = PBXFileReference; lastKnownFileType = sourcecode.swift; path = LatestCollectionViewCell.swift; sourceTree = "<group>"; };
		27D0682629C02EB300D5997B /* SelfConfiguringCell.swift */ = {isa = PBXFileReference; lastKnownFileType = sourcecode.swift; path = SelfConfiguringCell.swift; sourceTree = "<group>"; };
		27E5D36429C718F900DCB787 /* ProfileViewController.swift */ = {isa = PBXFileReference; lastKnownFileType = sourcecode.swift; path = ProfileViewController.swift; sourceTree = "<group>"; };
/* End PBXFileReference section */

/* Begin PBXFrameworksBuildPhase section */
		270825A629BCDF0B00BAC4E4 /* Frameworks */ = {
			isa = PBXFrameworksBuildPhase;
			buildActionMask = 2147483647;
			files = (
			);
			runOnlyForDeploymentPostprocessing = 0;
		};
		270825BF29BCDF0D00BAC4E4 /* Frameworks */ = {
			isa = PBXFrameworksBuildPhase;
			buildActionMask = 2147483647;
			files = (
			);
			runOnlyForDeploymentPostprocessing = 0;
		};
		270825C929BCDF0D00BAC4E4 /* Frameworks */ = {
			isa = PBXFrameworksBuildPhase;
			buildActionMask = 2147483647;
			files = (
			);
			runOnlyForDeploymentPostprocessing = 0;
		};
/* End PBXFrameworksBuildPhase section */

/* Begin PBXGroup section */
		270825A029BCDF0B00BAC4E4 = {
			isa = PBXGroup;
			children = (
				270825AB29BCDF0B00BAC4E4 /* IdealShop */,
				270825C529BCDF0D00BAC4E4 /* IdealShopTests */,
				270825CF29BCDF0D00BAC4E4 /* IdealShopUITests */,
				270825AA29BCDF0B00BAC4E4 /* Products */,
			);
			sourceTree = "<group>";
		};
		270825AA29BCDF0B00BAC4E4 /* Products */ = {
			isa = PBXGroup;
			children = (
				270825A929BCDF0B00BAC4E4 /* IdealShop.app */,
				270825C229BCDF0D00BAC4E4 /* IdealShopTests.xctest */,
				270825CC29BCDF0D00BAC4E4 /* IdealShopUITests.xctest */,
			);
			name = Products;
			sourceTree = "<group>";
		};
		270825AB29BCDF0B00BAC4E4 /* IdealShop */ = {
			isa = PBXGroup;
			children = (
				270825EC29BCE6AC00BAC4E4 /* Features */,
				270825E029BCE25A00BAC4E4 /* Core */,
				270825DF29BCE22E00BAC4E4 /* Supporting Files */,
				270825E129BCE27400BAC4E4 /* App */,
			);
			path = IdealShop;
			sourceTree = "<group>";
		};
		270825C529BCDF0D00BAC4E4 /* IdealShopTests */ = {
			isa = PBXGroup;
			children = (
				270825C629BCDF0D00BAC4E4 /* IdealShopTests.swift */,
			);
			path = IdealShopTests;
			sourceTree = "<group>";
		};
		270825CF29BCDF0D00BAC4E4 /* IdealShopUITests */ = {
			isa = PBXGroup;
			children = (
				270825D029BCDF0D00BAC4E4 /* IdealShopUITests.swift */,
				270825D229BCDF0D00BAC4E4 /* IdealShopUITestsLaunchTests.swift */,
			);
			path = IdealShopUITests;
			sourceTree = "<group>";
		};
		270825DF29BCE22E00BAC4E4 /* Supporting Files */ = {
			isa = PBXGroup;
			children = (
				270825BA29BCDF0D00BAC4E4 /* LaunchScreen.storyboard */,
				270825B529BCDF0B00BAC4E4 /* IdealShop.xcdatamodeld */,
				273972D429C04C2F00693BE2 /* Fonts */,
				270825BD29BCDF0D00BAC4E4 /* Info.plist */,
				270825B829BCDF0D00BAC4E4 /* Assets.xcassets */,
			);
			name = "Supporting Files";
			sourceTree = "<group>";
		};
		270825E029BCE25A00BAC4E4 /* Core */ = {
			isa = PBXGroup;
			children = (
				27671A8C29C86A7900F94049 /* Views */,
				2796C7B729BF2663003ED75E /* Extensions */,
				270825F429BCE9D000BAC4E4 /* Bridge */,
				270825E229BCE29B00BAC4E4 /* Base */,
				270825F729BCEA4500BAC4E4 /* InlineConfigurable.swift */,
				27D0682629C02EB300D5997B /* SelfConfiguringCell.swift */,
			);
			name = Core;
			sourceTree = "<group>";
		};
		270825E129BCE27400BAC4E4 /* App */ = {
			isa = PBXGroup;
			children = (
				270825AC29BCDF0B00BAC4E4 /* AppDelegate.swift */,
				270825AE29BCDF0B00BAC4E4 /* SceneDelegate.swift */,
				270825EA29BCE5AB00BAC4E4 /* AppCoordinator.swift */,
			);
			name = App;
			sourceTree = "<group>";
		};
		270825E229BCE29B00BAC4E4 /* Base */ = {
			isa = PBXGroup;
			children = (
				270825E329BCE36100BAC4E4 /* Navigation */,
			);
			name = Base;
			sourceTree = "<group>";
		};
		270825E329BCE36100BAC4E4 /* Navigation */ = {
			isa = PBXGroup;
			children = (
				270825E429BCE37300BAC4E4 /* BaseCoordinator.swift */,
				270825E629BCE3CA00BAC4E4 /* BaseViewController.swift */,
				270825E829BCE43A00BAC4E4 /* Router.swift */,
			);
			name = Navigation;
			sourceTree = "<group>";
		};
		270825EC29BCE6AC00BAC4E4 /* Features */ = {
			isa = PBXGroup;
			children = (
				2796C7AC29BF0F4D003ED75E /* Profile */,
				2796C7AB29BF0F47003ED75E /* Chat */,
				2796C7AA29BF0F3A003ED75E /* Basket */,
				2796C7A929BF0F2A003ED75E /* Favorite */,
				2796C7A829BF0F26003ED75E /* Main */,
				2796C79F29BF04EC003ED75E /* TabBar */,
				270825ED29BCE6C000BAC4E4 /* Login */,
			);
			name = Features;
			sourceTree = "<group>";
		};
		270825ED29BCE6C000BAC4E4 /* Login */ = {
			isa = PBXGroup;
			children = (
				270825EE29BCE6E400BAC4E4 /* LoginCoordinator.swift */,
				270825F029BCE81C00BAC4E4 /* LoginViewController.swift */,
				270825F229BCE95400BAC4E4 /* LoginView.swift */,
			);
			name = Login;
			sourceTree = "<group>";
		};
		270825F429BCE9D000BAC4E4 /* Bridge */ = {
			isa = PBXGroup;
			children = (
				270825F529BCE9E800BAC4E4 /* BridgedView.swift */,
				270825F929BCEAB000BAC4E4 /* RestrictedUIHostingController.swift */,
			);
			name = Bridge;
			sourceTree = "<group>";
		};
		273972D429C04C2F00693BE2 /* Fonts */ = {
			isa = PBXGroup;
			children = (
				273972C829C04C2200693BE2 /* Montserrat-Black.ttf */,
				273972C929C04C2200693BE2 /* Montserrat-Bold.ttf */,
				273972CD29C04C2200693BE2 /* Montserrat-Light.ttf */,
				273972CC29C04C2200693BE2 /* Montserrat-Medium.ttf */,
				273972CA29C04C2200693BE2 /* Montserrat-Regular.ttf */,
				273972CB29C04C2200693BE2 /* Montserrat-SemiBold.ttf */,
			);
			name = Fonts;
			sourceTree = "<group>";
		};
		27671A8329C8495100F94049 /* Product */ = {
			isa = PBXGroup;
			children = (
				27671A8429C8496200F94049 /* ProductViewController.swift */,
				2748E23729CABFD70015B449 /* ProductDetatilVeiw.swift */,
			);
			name = Product;
			sourceTree = "<group>";
		};
		27671A8C29C86A7900F94049 /* Views */ = {
			isa = PBXGroup;
			children = (
				27671A8D29C86A9300F94049 /* PrimaryButton.swift */,
				279891A829CA0F6B00C1DE81 /* LogoButton.swift */,
				279891A629C9E1FF00C1DE81 /* IdealTextField.swift */,
			);
			name = Views;
			sourceTree = "<group>";
		};
		2796C79F29BF04EC003ED75E /* TabBar */ = {
			isa = PBXGroup;
			children = (
				2796C7A029BF0504003ED75E /* TabBarCoordinator.swift */,
				2796C7A429BF0897003ED75E /* CustomTabBar.swift */,
				2796C7A629BF0D68003ED75E /* TabBarController.swift */,
				2796C7A229BF05C6003ED75E /* TabItem.swift */,
			);
			name = TabBar;
			sourceTree = "<group>";
		};
		2796C7A829BF0F26003ED75E /* Main */ = {
			isa = PBXGroup;
			children = (
				27671A8329C8495100F94049 /* Product */,
				2796C7C029BF32B5003ED75E /* Views */,
				2796C7BC29BF2919003ED75E /* MainViewController.swift */,
				2796C7BE29BF30AA003ED75E /* MainViewController+Layout.swift */,
				2796C7AD29BF0F65003ED75E /* MainCoordinator.swift */,
			);
			name = Main;
			sourceTree = "<group>";
		};
		2796C7A929BF0F2A003ED75E /* Favorite */ = {
			isa = PBXGroup;
			children = (
				2796C7AF29BF106F003ED75E /* FavoriteCoordinator.swift */,
			);
			name = Favorite;
			sourceTree = "<group>";
		};
		2796C7AA29BF0F3A003ED75E /* Basket */ = {
			isa = PBXGroup;
			children = (
				2796C7B129BF10B2003ED75E /* BasketCoordinator.swift */,
			);
			name = Basket;
			sourceTree = "<group>";
		};
		2796C7AB29BF0F47003ED75E /* Chat */ = {
			isa = PBXGroup;
			children = (
				2796C7B329BF10E5003ED75E /* ChatCoordinator.swift */,
			);
			name = Chat;
			sourceTree = "<group>";
		};
		2796C7AC29BF0F4D003ED75E /* Profile */ = {
			isa = PBXGroup;
			children = (
				2796C7B529BF1110003ED75E /* ProfileCoordinator.swift */,
				27E5D36429C718F900DCB787 /* ProfileViewController.swift */,
				27671A8629C853ED00F94049 /* ProfileView.swift */,
				27671A8A29C85E2800F94049 /* ProfileImage.swift */,
				27671A8829C85BE000F94049 /* ProfileViewModel.swift */,
			);
			name = Profile;
			sourceTree = "<group>";
		};
		2796C7B729BF2663003ED75E /* Extensions */ = {
			isa = PBXGroup;
			children = (
				2796C7B829BF267A003ED75E /* UIColor+Extension.swift */,
				273972C629C0488600693BE2 /* UIFont+Extension.swift */,
			);
			name = Extensions;
			sourceTree = "<group>";
		};
		2796C7C029BF32B5003ED75E /* Views */ = {
			isa = PBXGroup;
			children = (
				2796C7C129BF32D0003ED75E /* LatestView.swift */,
				273EDDF929CD4AF200504A9D /* FlashSaleView.swift */,
				27D0682429C0102C00D5997B /* LatestCollectionViewCell.swift */,
				273EDDF529CD317900504A9D /* FlashCollectionViewCell.swift */,
				273EDDF729CD3CBD00504A9D /* CategoriesView.swift */,
			);
			name = Views;
			sourceTree = "<group>";
		};
/* End PBXGroup section */

/* Begin PBXNativeTarget section */
		270825A829BCDF0B00BAC4E4 /* IdealShop */ = {
			isa = PBXNativeTarget;
			buildConfigurationList = 270825D629BCDF0D00BAC4E4 /* Build configuration list for PBXNativeTarget "IdealShop" */;
			buildPhases = (
				270825A529BCDF0B00BAC4E4 /* Sources */,
				270825A629BCDF0B00BAC4E4 /* Frameworks */,
				270825A729BCDF0B00BAC4E4 /* Resources */,
			);
			buildRules = (
			);
			dependencies = (
			);
			name = IdealShop;
			productName = IdealShop;
			productReference = 270825A929BCDF0B00BAC4E4 /* IdealShop.app */;
			productType = "com.apple.product-type.application";
		};
		270825C129BCDF0D00BAC4E4 /* IdealShopTests */ = {
			isa = PBXNativeTarget;
			buildConfigurationList = 270825D929BCDF0D00BAC4E4 /* Build configuration list for PBXNativeTarget "IdealShopTests" */;
			buildPhases = (
				270825BE29BCDF0D00BAC4E4 /* Sources */,
				270825BF29BCDF0D00BAC4E4 /* Frameworks */,
				270825C029BCDF0D00BAC4E4 /* Resources */,
			);
			buildRules = (
			);
			dependencies = (
				270825C429BCDF0D00BAC4E4 /* PBXTargetDependency */,
			);
			name = IdealShopTests;
			productName = IdealShopTests;
			productReference = 270825C229BCDF0D00BAC4E4 /* IdealShopTests.xctest */;
			productType = "com.apple.product-type.bundle.unit-test";
		};
		270825CB29BCDF0D00BAC4E4 /* IdealShopUITests */ = {
			isa = PBXNativeTarget;
			buildConfigurationList = 270825DC29BCDF0D00BAC4E4 /* Build configuration list for PBXNativeTarget "IdealShopUITests" */;
			buildPhases = (
				270825C829BCDF0D00BAC4E4 /* Sources */,
				270825C929BCDF0D00BAC4E4 /* Frameworks */,
				270825CA29BCDF0D00BAC4E4 /* Resources */,
			);
			buildRules = (
			);
			dependencies = (
				270825CE29BCDF0D00BAC4E4 /* PBXTargetDependency */,
			);
			name = IdealShopUITests;
			productName = IdealShopUITests;
			productReference = 270825CC29BCDF0D00BAC4E4 /* IdealShopUITests.xctest */;
			productType = "com.apple.product-type.bundle.ui-testing";
		};
/* End PBXNativeTarget section */

/* Begin PBXProject section */
		270825A129BCDF0B00BAC4E4 /* Project object */ = {
			isa = PBXProject;
			attributes = {
				BuildIndependentTargetsInParallel = 1;
				LastSwiftUpdateCheck = 1420;
				LastUpgradeCheck = 1420;
				TargetAttributes = {
					270825A829BCDF0B00BAC4E4 = {
						CreatedOnToolsVersion = 14.2;
					};
					270825C129BCDF0D00BAC4E4 = {
						CreatedOnToolsVersion = 14.2;
						TestTargetID = 270825A829BCDF0B00BAC4E4;
					};
					270825CB29BCDF0D00BAC4E4 = {
						CreatedOnToolsVersion = 14.2;
						TestTargetID = 270825A829BCDF0B00BAC4E4;
					};
				};
			};
			buildConfigurationList = 270825A429BCDF0B00BAC4E4 /* Build configuration list for PBXProject "IdealShop" */;
			compatibilityVersion = "Xcode 14.0";
			developmentRegion = en;
			hasScannedForEncodings = 0;
			knownRegions = (
				en,
				Base,
			);
			mainGroup = 270825A029BCDF0B00BAC4E4;
			productRefGroup = 270825AA29BCDF0B00BAC4E4 /* Products */;
			projectDirPath = "";
			projectRoot = "";
			targets = (
				270825A829BCDF0B00BAC4E4 /* IdealShop */,
				270825C129BCDF0D00BAC4E4 /* IdealShopTests */,
				270825CB29BCDF0D00BAC4E4 /* IdealShopUITests */,
			);
		};
/* End PBXProject section */

/* Begin PBXResourcesBuildPhase section */
		270825A729BCDF0B00BAC4E4 /* Resources */ = {
			isa = PBXResourcesBuildPhase;
			buildActionMask = 2147483647;
			files = (
				273972D129C04C2200693BE2 /* Montserrat-SemiBold.ttf in Resources */,
				273972CF29C04C2200693BE2 /* Montserrat-Bold.ttf in Resources */,
				270825BC29BCDF0D00BAC4E4 /* LaunchScreen.storyboard in Resources */,
				273972D229C04C2200693BE2 /* Montserrat-Medium.ttf in Resources */,
				273972D329C04C2200693BE2 /* Montserrat-Light.ttf in Resources */,
				270825B929BCDF0D00BAC4E4 /* Assets.xcassets in Resources */,
				273972D029C04C2200693BE2 /* Montserrat-Regular.ttf in Resources */,
				273972CE29C04C2200693BE2 /* Montserrat-Black.ttf in Resources */,
			);
			runOnlyForDeploymentPostprocessing = 0;
		};
		270825C029BCDF0D00BAC4E4 /* Resources */ = {
			isa = PBXResourcesBuildPhase;
			buildActionMask = 2147483647;
			files = (
			);
			runOnlyForDeploymentPostprocessing = 0;
		};
		270825CA29BCDF0D00BAC4E4 /* Resources */ = {
			isa = PBXResourcesBuildPhase;
			buildActionMask = 2147483647;
			files = (
			);
			runOnlyForDeploymentPostprocessing = 0;
		};
/* End PBXResourcesBuildPhase section */

/* Begin PBXSourcesBuildPhase section */
		270825A529BCDF0B00BAC4E4 /* Sources */ = {
			isa = PBXSourcesBuildPhase;
			buildActionMask = 2147483647;
			files = (
				2796C7B629BF1110003ED75E /* ProfileCoordinator.swift in Sources */,
				270825F129BCE81C00BAC4E4 /* LoginViewController.swift in Sources */,
				27D0682729C02EB300D5997B /* SelfConfiguringCell.swift in Sources */,
				270825E529BCE37300BAC4E4 /* BaseCoordinator.swift in Sources */,
				2796C7B429BF10E5003ED75E /* ChatCoordinator.swift in Sources */,
				270825AD29BCDF0B00BAC4E4 /* AppDelegate.swift in Sources */,
				27D0682529C0102C00D5997B /* LatestCollectionViewCell.swift in Sources */,
				27671A8B29C85E2800F94049 /* ProfileImage.swift in Sources */,
				273EDDF829CD3CBD00504A9D /* CategoriesView.swift in Sources */,
				270825F829BCEA4500BAC4E4 /* InlineConfigurable.swift in Sources */,
				2796C7A529BF0897003ED75E /* CustomTabBar.swift in Sources */,
				270825AF29BCDF0B00BAC4E4 /* SceneDelegate.swift in Sources */,
				2796C7C229BF32D0003ED75E /* LatestView.swift in Sources */,
				27671A8529C8496200F94049 /* ProductViewController.swift in Sources */,
				2796C7A729BF0D69003ED75E /* TabBarController.swift in Sources */,
				2748E23829CABFD70015B449 /* ProductDetatilVeiw.swift in Sources */,
				27E5D36529C718F900DCB787 /* ProfileViewController.swift in Sources */,
				2796C7BF29BF30AA003ED75E /* MainViewController+Layout.swift in Sources */,
				2796C7AE29BF0F65003ED75E /* MainCoordinator.swift in Sources */,
				270825B729BCDF0B00BAC4E4 /* IdealShop.xcdatamodeld in Sources */,
				273EDDF629CD317900504A9D /* FlashCollectionViewCell.swift in Sources */,
				270825E929BCE43A00BAC4E4 /* Router.swift in Sources */,
				27671A8929C85BE000F94049 /* ProfileViewModel.swift in Sources */,
				270825E729BCE3CA00BAC4E4 /* BaseViewController.swift in Sources */,
				2796C7A329BF05C6003ED75E /* TabItem.swift in Sources */,
				273EDDFA29CD4AF200504A9D /* FlashSaleView.swift in Sources */,
				2796C7BD29BF2919003ED75E /* MainViewController.swift in Sources */,
				270825EF29BCE6E400BAC4E4 /* LoginCoordinator.swift in Sources */,
				270825FA29BCEAB000BAC4E4 /* RestrictedUIHostingController.swift in Sources */,
				273972C729C0488600693BE2 /* UIFont+Extension.swift in Sources */,
				27671A8729C853ED00F94049 /* ProfileView.swift in Sources */,
				2796C7A129BF0504003ED75E /* TabBarCoordinator.swift in Sources */,
				2796C7B929BF267A003ED75E /* UIColor+Extension.swift in Sources */,
				270825F329BCE95400BAC4E4 /* LoginView.swift in Sources */,
				2796C7B229BF10B2003ED75E /* BasketCoordinator.swift in Sources */,
				270825F629BCE9E800BAC4E4 /* BridgedView.swift in Sources */,
				27671A8E29C86A9300F94049 /* PrimaryButton.swift in Sources */,
				279891A929CA0F6B00C1DE81 /* LogoButton.swift in Sources */,
				270825EB29BCE5AB00BAC4E4 /* AppCoordinator.swift in Sources */,
				2796C7B029BF106F003ED75E /* FavoriteCoordinator.swift in Sources */,
				279891A729C9E1FF00C1DE81 /* IdealTextField.swift in Sources */,
			);
			runOnlyForDeploymentPostprocessing = 0;
		};
		270825BE29BCDF0D00BAC4E4 /* Sources */ = {
			isa = PBXSourcesBuildPhase;
			buildActionMask = 2147483647;
			files = (
				270825C729BCDF0D00BAC4E4 /* IdealShopTests.swift in Sources */,
			);
			runOnlyForDeploymentPostprocessing = 0;
		};
		270825C829BCDF0D00BAC4E4 /* Sources */ = {
			isa = PBXSourcesBuildPhase;
			buildActionMask = 2147483647;
			files = (
				270825D329BCDF0D00BAC4E4 /* IdealShopUITestsLaunchTests.swift in Sources */,
				270825D129BCDF0D00BAC4E4 /* IdealShopUITests.swift in Sources */,
			);
			runOnlyForDeploymentPostprocessing = 0;
		};
/* End PBXSourcesBuildPhase section */

/* Begin PBXTargetDependency section */
		270825C429BCDF0D00BAC4E4 /* PBXTargetDependency */ = {
			isa = PBXTargetDependency;
			target = 270825A829BCDF0B00BAC4E4 /* IdealShop */;
			targetProxy = 270825C329BCDF0D00BAC4E4 /* PBXContainerItemProxy */;
		};
		270825CE29BCDF0D00BAC4E4 /* PBXTargetDependency */ = {
			isa = PBXTargetDependency;
			target = 270825A829BCDF0B00BAC4E4 /* IdealShop */;
			targetProxy = 270825CD29BCDF0D00BAC4E4 /* PBXContainerItemProxy */;
		};
/* End PBXTargetDependency section */

/* Begin PBXVariantGroup section */
		270825BA29BCDF0D00BAC4E4 /* LaunchScreen.storyboard */ = {
			isa = PBXVariantGroup;
			children = (
				270825BB29BCDF0D00BAC4E4 /* Base */,
			);
			name = LaunchScreen.storyboard;
			sourceTree = "<group>";
		};
/* End PBXVariantGroup section */

/* Begin XCBuildConfiguration section */
		270825D429BCDF0D00BAC4E4 /* Debug */ = {
			isa = XCBuildConfiguration;
			buildSettings = {
				ALWAYS_SEARCH_USER_PATHS = NO;
				CLANG_ANALYZER_NONNULL = YES;
				CLANG_ANALYZER_NUMBER_OBJECT_CONVERSION = YES_AGGRESSIVE;
				CLANG_CXX_LANGUAGE_STANDARD = "gnu++20";
				CLANG_ENABLE_MODULES = YES;
				CLANG_ENABLE_OBJC_ARC = YES;
				CLANG_ENABLE_OBJC_WEAK = YES;
				CLANG_WARN_BLOCK_CAPTURE_AUTORELEASING = YES;
				CLANG_WARN_BOOL_CONVERSION = YES;
				CLANG_WARN_COMMA = YES;
				CLANG_WARN_CONSTANT_CONVERSION = YES;
				CLANG_WARN_DEPRECATED_OBJC_IMPLEMENTATIONS = YES;
				CLANG_WARN_DIRECT_OBJC_ISA_USAGE = YES_ERROR;
				CLANG_WARN_DOCUMENTATION_COMMENTS = YES;
				CLANG_WARN_EMPTY_BODY = YES;
				CLANG_WARN_ENUM_CONVERSION = YES;
				CLANG_WARN_INFINITE_RECURSION = YES;
				CLANG_WARN_INT_CONVERSION = YES;
				CLANG_WARN_NON_LITERAL_NULL_CONVERSION = YES;
				CLANG_WARN_OBJC_IMPLICIT_RETAIN_SELF = YES;
				CLANG_WARN_OBJC_LITERAL_CONVERSION = YES;
				CLANG_WARN_OBJC_ROOT_CLASS = YES_ERROR;
				CLANG_WARN_QUOTED_INCLUDE_IN_FRAMEWORK_HEADER = YES;
				CLANG_WARN_RANGE_LOOP_ANALYSIS = YES;
				CLANG_WARN_STRICT_PROTOTYPES = YES;
				CLANG_WARN_SUSPICIOUS_MOVE = YES;
				CLANG_WARN_UNGUARDED_AVAILABILITY = YES_AGGRESSIVE;
				CLANG_WARN_UNREACHABLE_CODE = YES;
				CLANG_WARN__DUPLICATE_METHOD_MATCH = YES;
				COPY_PHASE_STRIP = NO;
				DEBUG_INFORMATION_FORMAT = dwarf;
				ENABLE_STRICT_OBJC_MSGSEND = YES;
				ENABLE_TESTABILITY = YES;
				GCC_C_LANGUAGE_STANDARD = gnu11;
				GCC_DYNAMIC_NO_PIC = NO;
				GCC_NO_COMMON_BLOCKS = YES;
				GCC_OPTIMIZATION_LEVEL = 0;
				GCC_PREPROCESSOR_DEFINITIONS = (
					"DEBUG=1",
					"$(inherited)",
				);
				GCC_WARN_64_TO_32_BIT_CONVERSION = YES;
				GCC_WARN_ABOUT_RETURN_TYPE = YES_ERROR;
				GCC_WARN_UNDECLARED_SELECTOR = YES;
				GCC_WARN_UNINITIALIZED_AUTOS = YES_AGGRESSIVE;
				GCC_WARN_UNUSED_FUNCTION = YES;
				GCC_WARN_UNUSED_VARIABLE = YES;
				IPHONEOS_DEPLOYMENT_TARGET = 16.2;
				MTL_ENABLE_DEBUG_INFO = INCLUDE_SOURCE;
				MTL_FAST_MATH = YES;
				ONLY_ACTIVE_ARCH = YES;
				SDKROOT = iphoneos;
				SWIFT_ACTIVE_COMPILATION_CONDITIONS = DEBUG;
				SWIFT_OPTIMIZATION_LEVEL = "-Onone";
			};
			name = Debug;
		};
		270825D529BCDF0D00BAC4E4 /* Release */ = {
			isa = XCBuildConfiguration;
			buildSettings = {
				ALWAYS_SEARCH_USER_PATHS = NO;
				CLANG_ANALYZER_NONNULL = YES;
				CLANG_ANALYZER_NUMBER_OBJECT_CONVERSION = YES_AGGRESSIVE;
				CLANG_CXX_LANGUAGE_STANDARD = "gnu++20";
				CLANG_ENABLE_MODULES = YES;
				CLANG_ENABLE_OBJC_ARC = YES;
				CLANG_ENABLE_OBJC_WEAK = YES;
				CLANG_WARN_BLOCK_CAPTURE_AUTORELEASING = YES;
				CLANG_WARN_BOOL_CONVERSION = YES;
				CLANG_WARN_COMMA = YES;
				CLANG_WARN_CONSTANT_CONVERSION = YES;
				CLANG_WARN_DEPRECATED_OBJC_IMPLEMENTATIONS = YES;
				CLANG_WARN_DIRECT_OBJC_ISA_USAGE = YES_ERROR;
				CLANG_WARN_DOCUMENTATION_COMMENTS = YES;
				CLANG_WARN_EMPTY_BODY = YES;
				CLANG_WARN_ENUM_CONVERSION = YES;
				CLANG_WARN_INFINITE_RECURSION = YES;
				CLANG_WARN_INT_CONVERSION = YES;
				CLANG_WARN_NON_LITERAL_NULL_CONVERSION = YES;
				CLANG_WARN_OBJC_IMPLICIT_RETAIN_SELF = YES;
				CLANG_WARN_OBJC_LITERAL_CONVERSION = YES;
				CLANG_WARN_OBJC_ROOT_CLASS = YES_ERROR;
				CLANG_WARN_QUOTED_INCLUDE_IN_FRAMEWORK_HEADER = YES;
				CLANG_WARN_RANGE_LOOP_ANALYSIS = YES;
				CLANG_WARN_STRICT_PROTOTYPES = YES;
				CLANG_WARN_SUSPICIOUS_MOVE = YES;
				CLANG_WARN_UNGUARDED_AVAILABILITY = YES_AGGRESSIVE;
				CLANG_WARN_UNREACHABLE_CODE = YES;
				CLANG_WARN__DUPLICATE_METHOD_MATCH = YES;
				COPY_PHASE_STRIP = NO;
				DEBUG_INFORMATION_FORMAT = "dwarf-with-dsym";
				ENABLE_NS_ASSERTIONS = NO;
				ENABLE_STRICT_OBJC_MSGSEND = YES;
				GCC_C_LANGUAGE_STANDARD = gnu11;
				GCC_NO_COMMON_BLOCKS = YES;
				GCC_WARN_64_TO_32_BIT_CONVERSION = YES;
				GCC_WARN_ABOUT_RETURN_TYPE = YES_ERROR;
				GCC_WARN_UNDECLARED_SELECTOR = YES;
				GCC_WARN_UNINITIALIZED_AUTOS = YES_AGGRESSIVE;
				GCC_WARN_UNUSED_FUNCTION = YES;
				GCC_WARN_UNUSED_VARIABLE = YES;
				IPHONEOS_DEPLOYMENT_TARGET = 16.2;
				MTL_ENABLE_DEBUG_INFO = NO;
				MTL_FAST_MATH = YES;
				SDKROOT = iphoneos;
				SWIFT_COMPILATION_MODE = wholemodule;
				SWIFT_OPTIMIZATION_LEVEL = "-O";
				VALIDATE_PRODUCT = YES;
			};
			name = Release;
		};
		270825D729BCDF0D00BAC4E4 /* Debug */ = {
			isa = XCBuildConfiguration;
			buildSettings = {
				ASSETCATALOG_COMPILER_APPICON_NAME = AppIcon;
				ASSETCATALOG_COMPILER_GLOBAL_ACCENT_COLOR_NAME = AccentColor;
				CODE_SIGN_STYLE = Automatic;
				CURRENT_PROJECT_VERSION = 1;
				DEVELOPMENT_TEAM = 723HTEFHBA;
				GENERATE_INFOPLIST_FILE = YES;
				INFOPLIST_FILE = IdealShop/Info.plist;
				INFOPLIST_KEY_UIApplicationSupportsIndirectInputEvents = YES;
				INFOPLIST_KEY_UILaunchStoryboardName = LaunchScreen;
				INFOPLIST_KEY_UISupportedInterfaceOrientations_iPad = "UIInterfaceOrientationPortrait UIInterfaceOrientationPortraitUpsideDown UIInterfaceOrientationLandscapeLeft UIInterfaceOrientationLandscapeRight";
				INFOPLIST_KEY_UISupportedInterfaceOrientations_iPhone = "UIInterfaceOrientationPortrait UIInterfaceOrientationLandscapeLeft UIInterfaceOrientationLandscapeRight";
				LD_RUNPATH_SEARCH_PATHS = (
					"$(inherited)",
					"@executable_path/Frameworks",
				);
				MARKETING_VERSION = 1.0;
				PRODUCT_BUNDLE_IDENTIFIER = ru.fibeapp.IdealShop;
				PRODUCT_NAME = "$(TARGET_NAME)";
				SWIFT_EMIT_LOC_STRINGS = YES;
				SWIFT_VERSION = 5.0;
				TARGETED_DEVICE_FAMILY = "1,2";
			};
			name = Debug;
		};
		270825D829BCDF0D00BAC4E4 /* Release */ = {
			isa = XCBuildConfiguration;
			buildSettings = {
				ASSETCATALOG_COMPILER_APPICON_NAME = AppIcon;
				ASSETCATALOG_COMPILER_GLOBAL_ACCENT_COLOR_NAME = AccentColor;
				CODE_SIGN_STYLE = Automatic;
				CURRENT_PROJECT_VERSION = 1;
				DEVELOPMENT_TEAM = 723HTEFHBA;
				GENERATE_INFOPLIST_FILE = YES;
				INFOPLIST_FILE = IdealShop/Info.plist;
				INFOPLIST_KEY_UIApplicationSupportsIndirectInputEvents = YES;
				INFOPLIST_KEY_UILaunchStoryboardName = LaunchScreen;
				INFOPLIST_KEY_UISupportedInterfaceOrientations_iPad = "UIInterfaceOrientationPortrait UIInterfaceOrientationPortraitUpsideDown UIInterfaceOrientationLandscapeLeft UIInterfaceOrientationLandscapeRight";
				INFOPLIST_KEY_UISupportedInterfaceOrientations_iPhone = "UIInterfaceOrientationPortrait UIInterfaceOrientationLandscapeLeft UIInterfaceOrientationLandscapeRight";
				LD_RUNPATH_SEARCH_PATHS = (
					"$(inherited)",
					"@executable_path/Frameworks",
				);
				MARKETING_VERSION = 1.0;
				PRODUCT_BUNDLE_IDENTIFIER = ru.fibeapp.IdealShop;
				PRODUCT_NAME = "$(TARGET_NAME)";
				SWIFT_EMIT_LOC_STRINGS = YES;
				SWIFT_VERSION = 5.0;
				TARGETED_DEVICE_FAMILY = "1,2";
			};
			name = Release;
		};
		270825DA29BCDF0D00BAC4E4 /* Debug */ = {
			isa = XCBuildConfiguration;
			buildSettings = {
				ALWAYS_EMBED_SWIFT_STANDARD_LIBRARIES = YES;
				BUNDLE_LOADER = "$(TEST_HOST)";
				CODE_SIGN_STYLE = Automatic;
				CURRENT_PROJECT_VERSION = 1;
				DEVELOPMENT_TEAM = 723HTEFHBA;
				GENERATE_INFOPLIST_FILE = YES;
				IPHONEOS_DEPLOYMENT_TARGET = 16.2;
				MARKETING_VERSION = 1.0;
				PRODUCT_BUNDLE_IDENTIFIER = ru.fibeapp.IdealShopTests;
				PRODUCT_NAME = "$(TARGET_NAME)";
				SWIFT_EMIT_LOC_STRINGS = NO;
				SWIFT_VERSION = 5.0;
				TARGETED_DEVICE_FAMILY = "1,2";
				TEST_HOST = "$(BUILT_PRODUCTS_DIR)/IdealShop.app/$(BUNDLE_EXECUTABLE_FOLDER_PATH)/IdealShop";
			};
			name = Debug;
		};
		270825DB29BCDF0D00BAC4E4 /* Release */ = {
			isa = XCBuildConfiguration;
			buildSettings = {
				ALWAYS_EMBED_SWIFT_STANDARD_LIBRARIES = YES;
				BUNDLE_LOADER = "$(TEST_HOST)";
				CODE_SIGN_STYLE = Automatic;
				CURRENT_PROJECT_VERSION = 1;
				DEVELOPMENT_TEAM = 723HTEFHBA;
				GENERATE_INFOPLIST_FILE = YES;
				IPHONEOS_DEPLOYMENT_TARGET = 16.2;
				MARKETING_VERSION = 1.0;
				PRODUCT_BUNDLE_IDENTIFIER = ru.fibeapp.IdealShopTests;
				PRODUCT_NAME = "$(TARGET_NAME)";
				SWIFT_EMIT_LOC_STRINGS = NO;
				SWIFT_VERSION = 5.0;
				TARGETED_DEVICE_FAMILY = "1,2";
				TEST_HOST = "$(BUILT_PRODUCTS_DIR)/IdealShop.app/$(BUNDLE_EXECUTABLE_FOLDER_PATH)/IdealShop";
			};
			name = Release;
		};
		270825DD29BCDF0D00BAC4E4 /* Debug */ = {
			isa = XCBuildConfiguration;
			buildSettings = {
				ALWAYS_EMBED_SWIFT_STANDARD_LIBRARIES = YES;
				CODE_SIGN_STYLE = Automatic;
				CURRENT_PROJECT_VERSION = 1;
				DEVELOPMENT_TEAM = 723HTEFHBA;
				GENERATE_INFOPLIST_FILE = YES;
				MARKETING_VERSION = 1.0;
				PRODUCT_BUNDLE_IDENTIFIER = ru.fibeapp.IdealShopUITests;
				PRODUCT_NAME = "$(TARGET_NAME)";
				SWIFT_EMIT_LOC_STRINGS = NO;
				SWIFT_VERSION = 5.0;
				TARGETED_DEVICE_FAMILY = "1,2";
				TEST_TARGET_NAME = IdealShop;
			};
			name = Debug;
		};
		270825DE29BCDF0D00BAC4E4 /* Release */ = {
			isa = XCBuildConfiguration;
			buildSettings = {
				ALWAYS_EMBED_SWIFT_STANDARD_LIBRARIES = YES;
				CODE_SIGN_STYLE = Automatic;
				CURRENT_PROJECT_VERSION = 1;
				DEVELOPMENT_TEAM = 723HTEFHBA;
				GENERATE_INFOPLIST_FILE = YES;
				MARKETING_VERSION = 1.0;
				PRODUCT_BUNDLE_IDENTIFIER = ru.fibeapp.IdealShopUITests;
				PRODUCT_NAME = "$(TARGET_NAME)";
				SWIFT_EMIT_LOC_STRINGS = NO;
				SWIFT_VERSION = 5.0;
				TARGETED_DEVICE_FAMILY = "1,2";
				TEST_TARGET_NAME = IdealShop;
			};
			name = Release;
		};
/* End XCBuildConfiguration section */

/* Begin XCConfigurationList section */
		270825A429BCDF0B00BAC4E4 /* Build configuration list for PBXProject "IdealShop" */ = {
			isa = XCConfigurationList;
			buildConfigurations = (
				270825D429BCDF0D00BAC4E4 /* Debug */,
				270825D529BCDF0D00BAC4E4 /* Release */,
			);
			defaultConfigurationIsVisible = 0;
			defaultConfigurationName = Release;
		};
		270825D629BCDF0D00BAC4E4 /* Build configuration list for PBXNativeTarget "IdealShop" */ = {
			isa = XCConfigurationList;
			buildConfigurations = (
				270825D729BCDF0D00BAC4E4 /* Debug */,
				270825D829BCDF0D00BAC4E4 /* Release */,
			);
			defaultConfigurationIsVisible = 0;
			defaultConfigurationName = Release;
		};
		270825D929BCDF0D00BAC4E4 /* Build configuration list for PBXNativeTarget "IdealShopTests" */ = {
			isa = XCConfigurationList;
			buildConfigurations = (
				270825DA29BCDF0D00BAC4E4 /* Debug */,
				270825DB29BCDF0D00BAC4E4 /* Release */,
			);
			defaultConfigurationIsVisible = 0;
			defaultConfigurationName = Release;
		};
		270825DC29BCDF0D00BAC4E4 /* Build configuration list for PBXNativeTarget "IdealShopUITests" */ = {
			isa = XCConfigurationList;
			buildConfigurations = (
				270825DD29BCDF0D00BAC4E4 /* Debug */,
				270825DE29BCDF0D00BAC4E4 /* Release */,
			);
			defaultConfigurationIsVisible = 0;
			defaultConfigurationName = Release;
		};
/* End XCConfigurationList section */

/* Begin XCVersionGroup section */
		270825B529BCDF0B00BAC4E4 /* IdealShop.xcdatamodeld */ = {
			isa = XCVersionGroup;
			children = (
				270825B629BCDF0B00BAC4E4 /* IdealShop.xcdatamodel */,
			);
			currentVersion = 270825B629BCDF0B00BAC4E4 /* IdealShop.xcdatamodel */;
			path = IdealShop.xcdatamodeld;
			sourceTree = "<group>";
			versionGroupType = wrapper.xcdatamodel;
		};
/* End XCVersionGroup section */
	};
	rootObject = 270825A129BCDF0B00BAC4E4 /* Project object */;
}
